
Microsoft Visual Studio Solution File, Format Version 12.00
# Visual Studio 15
VisualStudioVersion = 15.0.28307.1500
MinimumVisualStudioVersion = 10.0.40219.1
Project("{FAE04EC0-301F-11D3-BF4B-00C04F79EFBC}") = "ConectorSAP", "ConectorSAP\ConectorSAP.csproj", "{6E277EF9-C5F6-4AC8-967A-8BF20DE26D5D}"
EndProject
Global
	GlobalSection(SolutionConfigurationPlatforms) = preSolution
		Debug|Any CPU = Debug|Any CPU
		Release|Any CPU = Release|Any CPU
	EndGlobalSection
	GlobalSection(ProjectConfigurationPlatforms) = postSolution
		{6E277EF9-C5F6-4AC8-967A-8BF20DE26D5D}.Debug|Any CPU.ActiveCfg = Debug|Any CPU
		{6E277EF9-C5F6-4AC8-967A-8BF20DE26D5D}.Debug|Any CPU.Build.0 = Debug|Any CPU
		{6E277EF9-C5F6-4AC8-967A-8BF20DE26D5D}.Release|Any CPU.ActiveCfg = Release|Any CPU
		{6E277EF9-C5F6-4AC8-967A-8BF20DE26D5D}.Release|Any CPU.Build.0 = Release|Any CPU
	EndGlobalSection
	GlobalSection(SolutionProperties) = preSolution
		HideSolutionNode = FALSE
	EndGlobalSection
	GlobalSection(ExtensibilityGlobals) = postSolution
		SolutionGuid = {1872C7C6-099B-432D-817C-7F57459D8FCC}
	EndGlobalSection
EndGlobal
